
Microsoft Visual Studio Solution File, Format Version 12.00
# Visual Studio Version 16
VisualStudioVersion = 16.0.31624.102
MinimumVisualStudioVersion = 10.0.40219.1
Project("{FAE04EC0-301F-11D3-BF4B-00C04F79EFBC}") = "02_01", "02_01.csproj", "{5A8ACD1B-4C66-4BD0-9BDB-F7A66ED1AD17}"
EndProject
Global
	GlobalSection(SolutionConfigurationPlatforms) = preSolution
		Debug|Any CPU = Debug|Any CPU
		Release|Any CPU = Release|Any CPU
	EndGlobalSection
	GlobalSection(ProjectConfigurationPlatforms) = postSolution
		{5A8ACD1B-4C66-4BD0-9BDB-F7A66ED1AD17}.Debug|Any CPU.ActiveCfg = Debug|Any CPU
		{5A8ACD1B-4C66-4BD0-9BDB-F7A66ED1AD17}.Debug|Any CPU.Build.0 = Debug|Any CPU
		{5A8ACD1B-4C66-4BD0-9BDB-F7A66ED1AD17}.Release|Any CPU.ActiveCfg = Release|Any CPU
		{5A8ACD1B-4C66-4BD0-9BDB-F7A66ED1AD17}.Release|Any CPU.Build.0 = Release|Any CPU
	EndGlobalSection
	GlobalSection(SolutionProperties) = preSolution
		HideSolutionNode = FALSE
	EndGlobalSection
	GlobalSection(ExtensibilityGlobals) = postSolution
		SolutionGuid = {F7B25669-C237-4789-BAF4-A18421063EC9}
	EndGlobalSection
EndGlobal
