
Microsoft Visual Studio Solution File, Format Version 12.00
# Visual Studio Version 16
VisualStudioVersion = 16.0.31624.102
MinimumVisualStudioVersion = 10.0.40219.1
Project("{FAE04EC0-301F-11D3-BF4B-00C04F79EFBC}") = "04_03", "04_03.csproj", "{EF77B9B1-B9BD-4ECA-99B9-786B46F2B8D5}"
EndProject
Global
	GlobalSection(SolutionConfigurationPlatforms) = preSolution
		Debug|Any CPU = Debug|Any CPU
		Release|Any CPU = Release|Any CPU
	EndGlobalSection
	GlobalSection(ProjectConfigurationPlatforms) = postSolution
		{EF77B9B1-B9BD-4ECA-99B9-786B46F2B8D5}.Debug|Any CPU.ActiveCfg = Debug|Any CPU
		{EF77B9B1-B9BD-4ECA-99B9-786B46F2B8D5}.Debug|Any CPU.Build.0 = Debug|Any CPU
		{EF77B9B1-B9BD-4ECA-99B9-786B46F2B8D5}.Release|Any CPU.ActiveCfg = Release|Any CPU
		{EF77B9B1-B9BD-4ECA-99B9-786B46F2B8D5}.Release|Any CPU.Build.0 = Release|Any CPU
	EndGlobalSection
	GlobalSection(SolutionProperties) = preSolution
		HideSolutionNode = FALSE
	EndGlobalSection
	GlobalSection(ExtensibilityGlobals) = postSolution
		SolutionGuid = {75BA8B0B-37EE-46CC-A219-A70A2BD1D431}
	EndGlobalSection
EndGlobal
