
Microsoft Visual Studio Solution File, Format Version 12.00
# Visual Studio Version 16
VisualStudioVersion = 16.0.31624.102
MinimumVisualStudioVersion = 10.0.40219.1
Project("{FAE04EC0-301F-11D3-BF4B-00C04F79EFBC}") = "04_02", "04_02.csproj", "{91EB9A73-14AC-42C9-BA77-84A39271EA99}"
EndProject
Global
	GlobalSection(SolutionConfigurationPlatforms) = preSolution
		Debug|Any CPU = Debug|Any CPU
		Release|Any CPU = Release|Any CPU
	EndGlobalSection
	GlobalSection(ProjectConfigurationPlatforms) = postSolution
		{91EB9A73-14AC-42C9-BA77-84A39271EA99}.Debug|Any CPU.ActiveCfg = Debug|Any CPU
		{91EB9A73-14AC-42C9-BA77-84A39271EA99}.Debug|Any CPU.Build.0 = Debug|Any CPU
		{91EB9A73-14AC-42C9-BA77-84A39271EA99}.Release|Any CPU.ActiveCfg = Release|Any CPU
		{91EB9A73-14AC-42C9-BA77-84A39271EA99}.Release|Any CPU.Build.0 = Release|Any CPU
	EndGlobalSection
	GlobalSection(SolutionProperties) = preSolution
		HideSolutionNode = FALSE
	EndGlobalSection
	GlobalSection(ExtensibilityGlobals) = postSolution
		SolutionGuid = {AF765DBC-B13A-40EF-A15A-A7C65D7EE88C}
	EndGlobalSection
EndGlobal
