
Microsoft Visual Studio Solution File, Format Version 12.00
# Visual Studio Version 16
VisualStudioVersion = 16.0.31624.102
MinimumVisualStudioVersion = 10.0.40219.1
Project("{FAE04EC0-301F-11D3-BF4B-00C04F79EFBC}") = "06_01", "06_01.csproj", "{12C90238-5707-4D65-B6A9-ABC43265EFF6}"
EndProject
Global
	GlobalSection(SolutionConfigurationPlatforms) = preSolution
		Debug|Any CPU = Debug|Any CPU
		Release|Any CPU = Release|Any CPU
	EndGlobalSection
	GlobalSection(ProjectConfigurationPlatforms) = postSolution
		{12C90238-5707-4D65-B6A9-ABC43265EFF6}.Debug|Any CPU.ActiveCfg = Debug|Any CPU
		{12C90238-5707-4D65-B6A9-ABC43265EFF6}.Debug|Any CPU.Build.0 = Debug|Any CPU
		{12C90238-5707-4D65-B6A9-ABC43265EFF6}.Release|Any CPU.ActiveCfg = Release|Any CPU
		{12C90238-5707-4D65-B6A9-ABC43265EFF6}.Release|Any CPU.Build.0 = Release|Any CPU
	EndGlobalSection
	GlobalSection(SolutionProperties) = preSolution
		HideSolutionNode = FALSE
	EndGlobalSection
	GlobalSection(ExtensibilityGlobals) = postSolution
		SolutionGuid = {E2D877CA-0398-44CA-87C6-B762C8DFF5F5}
	EndGlobalSection
EndGlobal
