
Microsoft Visual Studio Solution File, Format Version 12.00
# Visual Studio Version 16
VisualStudioVersion = 16.0.31624.102
MinimumVisualStudioVersion = 10.0.40219.1
Project("{FAE04EC0-301F-11D3-BF4B-00C04F79EFBC}") = "seminar01_2", "seminar01_2.csproj", "{F95B3681-5D4D-43A6-A368-4BF76FD3209D}"
EndProject
Global
	GlobalSection(SolutionConfigurationPlatforms) = preSolution
		Debug|Any CPU = Debug|Any CPU
		Release|Any CPU = Release|Any CPU
	EndGlobalSection
	GlobalSection(ProjectConfigurationPlatforms) = postSolution
		{F95B3681-5D4D-43A6-A368-4BF76FD3209D}.Debug|Any CPU.ActiveCfg = Debug|Any CPU
		{F95B3681-5D4D-43A6-A368-4BF76FD3209D}.Debug|Any CPU.Build.0 = Debug|Any CPU
		{F95B3681-5D4D-43A6-A368-4BF76FD3209D}.Release|Any CPU.ActiveCfg = Release|Any CPU
		{F95B3681-5D4D-43A6-A368-4BF76FD3209D}.Release|Any CPU.Build.0 = Release|Any CPU
	EndGlobalSection
	GlobalSection(SolutionProperties) = preSolution
		HideSolutionNode = FALSE
	EndGlobalSection
	GlobalSection(ExtensibilityGlobals) = postSolution
		SolutionGuid = {76D1C385-F1E7-4778-9039-BDF6B6AAB6C1}
	EndGlobalSection
EndGlobal
