
Microsoft Visual Studio Solution File, Format Version 12.00
# Visual Studio Version 16
VisualStudioVersion = 16.0.31624.102
MinimumVisualStudioVersion = 10.0.40219.1
Project("{FAE04EC0-301F-11D3-BF4B-00C04F79EFBC}") = "04_02", "04_02.csproj", "{1936A5B7-42AD-4FE1-9F78-8875C6131997}"
EndProject
Global
	GlobalSection(SolutionConfigurationPlatforms) = preSolution
		Debug|Any CPU = Debug|Any CPU
		Release|Any CPU = Release|Any CPU
	EndGlobalSection
	GlobalSection(ProjectConfigurationPlatforms) = postSolution
		{1936A5B7-42AD-4FE1-9F78-8875C6131997}.Debug|Any CPU.ActiveCfg = Debug|Any CPU
		{1936A5B7-42AD-4FE1-9F78-8875C6131997}.Debug|Any CPU.Build.0 = Debug|Any CPU
		{1936A5B7-42AD-4FE1-9F78-8875C6131997}.Release|Any CPU.ActiveCfg = Release|Any CPU
		{1936A5B7-42AD-4FE1-9F78-8875C6131997}.Release|Any CPU.Build.0 = Release|Any CPU
	EndGlobalSection
	GlobalSection(SolutionProperties) = preSolution
		HideSolutionNode = FALSE
	EndGlobalSection
	GlobalSection(ExtensibilityGlobals) = postSolution
		SolutionGuid = {015D160D-015A-4B18-8E63-2F2C7279CD94}
	EndGlobalSection
EndGlobal
