
Microsoft Visual Studio Solution File, Format Version 12.00
# Visual Studio Version 16
VisualStudioVersion = 16.0.31624.102
MinimumVisualStudioVersion = 10.0.40219.1
Project("{FAE04EC0-301F-11D3-BF4B-00C04F79EFBC}") = "05_01", "05_01.csproj", "{3F8B8126-4A40-445C-8C80-1AADE1B33C7B}"
EndProject
Global
	GlobalSection(SolutionConfigurationPlatforms) = preSolution
		Debug|Any CPU = Debug|Any CPU
		Release|Any CPU = Release|Any CPU
	EndGlobalSection
	GlobalSection(ProjectConfigurationPlatforms) = postSolution
		{3F8B8126-4A40-445C-8C80-1AADE1B33C7B}.Debug|Any CPU.ActiveCfg = Debug|Any CPU
		{3F8B8126-4A40-445C-8C80-1AADE1B33C7B}.Debug|Any CPU.Build.0 = Debug|Any CPU
		{3F8B8126-4A40-445C-8C80-1AADE1B33C7B}.Release|Any CPU.ActiveCfg = Release|Any CPU
		{3F8B8126-4A40-445C-8C80-1AADE1B33C7B}.Release|Any CPU.Build.0 = Release|Any CPU
	EndGlobalSection
	GlobalSection(SolutionProperties) = preSolution
		HideSolutionNode = FALSE
	EndGlobalSection
	GlobalSection(ExtensibilityGlobals) = postSolution
		SolutionGuid = {CFDA471A-A9D7-4032-93A2-DB91505F0EDF}
	EndGlobalSection
EndGlobal
