
Microsoft Visual Studio Solution File, Format Version 12.00
# Visual Studio Version 16
VisualStudioVersion = 16.0.31624.102
MinimumVisualStudioVersion = 10.0.40219.1
Project("{9A19103F-16F7-4668-BE54-9A1E7A4F7556}") = "ConsoleApp1", "ConsoleApp1.csproj", "{149B8CCE-4154-4EA5-9F5E-6A0F08764A7C}"
EndProject
Project("{9A19103F-16F7-4668-BE54-9A1E7A4F7556}") = "ClassLibrary1", "..\ClassLibrary1\ClassLibrary1.csproj", "{432511D2-C227-4261-9ED3-21836A99811E}"
EndProject
Global
	GlobalSection(SolutionConfigurationPlatforms) = preSolution
		Debug|Any CPU = Debug|Any CPU
		Release|Any CPU = Release|Any CPU
	EndGlobalSection
	GlobalSection(ProjectConfigurationPlatforms) = postSolution
		{149B8CCE-4154-4EA5-9F5E-6A0F08764A7C}.Debug|Any CPU.ActiveCfg = Debug|Any CPU
		{149B8CCE-4154-4EA5-9F5E-6A0F08764A7C}.Debug|Any CPU.Build.0 = Debug|Any CPU
		{149B8CCE-4154-4EA5-9F5E-6A0F08764A7C}.Release|Any CPU.ActiveCfg = Release|Any CPU
		{149B8CCE-4154-4EA5-9F5E-6A0F08764A7C}.Release|Any CPU.Build.0 = Release|Any CPU
		{432511D2-C227-4261-9ED3-21836A99811E}.Debug|Any CPU.ActiveCfg = Debug|Any CPU
		{432511D2-C227-4261-9ED3-21836A99811E}.Debug|Any CPU.Build.0 = Debug|Any CPU
		{432511D2-C227-4261-9ED3-21836A99811E}.Release|Any CPU.ActiveCfg = Release|Any CPU
		{432511D2-C227-4261-9ED3-21836A99811E}.Release|Any CPU.Build.0 = Release|Any CPU
	EndGlobalSection
	GlobalSection(SolutionProperties) = preSolution
		HideSolutionNode = FALSE
	EndGlobalSection
	GlobalSection(ExtensibilityGlobals) = postSolution
		SolutionGuid = {AFF80C00-B41B-4D8C-BE11-1BF096B2745A}
	EndGlobalSection
EndGlobal
