
Microsoft Visual Studio Solution File, Format Version 12.00
# Visual Studio Version 16
VisualStudioVersion = 16.0.31624.102
MinimumVisualStudioVersion = 10.0.40219.1
Project("{FAE04EC0-301F-11D3-BF4B-00C04F79EFBC}") = "03_01", "03_01.csproj", "{E588A900-245E-471A-9155-AD396D1E0B36}"
EndProject
Global
	GlobalSection(SolutionConfigurationPlatforms) = preSolution
		Debug|Any CPU = Debug|Any CPU
		Release|Any CPU = Release|Any CPU
	EndGlobalSection
	GlobalSection(ProjectConfigurationPlatforms) = postSolution
		{E588A900-245E-471A-9155-AD396D1E0B36}.Debug|Any CPU.ActiveCfg = Debug|Any CPU
		{E588A900-245E-471A-9155-AD396D1E0B36}.Debug|Any CPU.Build.0 = Debug|Any CPU
		{E588A900-245E-471A-9155-AD396D1E0B36}.Release|Any CPU.ActiveCfg = Release|Any CPU
		{E588A900-245E-471A-9155-AD396D1E0B36}.Release|Any CPU.Build.0 = Release|Any CPU
	EndGlobalSection
	GlobalSection(SolutionProperties) = preSolution
		HideSolutionNode = FALSE
	EndGlobalSection
	GlobalSection(ExtensibilityGlobals) = postSolution
		SolutionGuid = {DAA4D078-64FB-46F6-93C6-B6243D7CA872}
	EndGlobalSection
EndGlobal
