
Microsoft Visual Studio Solution File, Format Version 12.00
# Visual Studio Version 16
VisualStudioVersion = 16.0.31624.102
MinimumVisualStudioVersion = 10.0.40219.1
Project("{FAE04EC0-301F-11D3-BF4B-00C04F79EFBC}") = "01_02", "01_02.csproj", "{FA2A4BCF-21DB-4D8A-8AE7-2E72B8B103C2}"
EndProject
Global
	GlobalSection(SolutionConfigurationPlatforms) = preSolution
		Debug|Any CPU = Debug|Any CPU
		Release|Any CPU = Release|Any CPU
	EndGlobalSection
	GlobalSection(ProjectConfigurationPlatforms) = postSolution
		{FA2A4BCF-21DB-4D8A-8AE7-2E72B8B103C2}.Debug|Any CPU.ActiveCfg = Debug|Any CPU
		{FA2A4BCF-21DB-4D8A-8AE7-2E72B8B103C2}.Debug|Any CPU.Build.0 = Debug|Any CPU
		{FA2A4BCF-21DB-4D8A-8AE7-2E72B8B103C2}.Release|Any CPU.ActiveCfg = Release|Any CPU
		{FA2A4BCF-21DB-4D8A-8AE7-2E72B8B103C2}.Release|Any CPU.Build.0 = Release|Any CPU
	EndGlobalSection
	GlobalSection(SolutionProperties) = preSolution
		HideSolutionNode = FALSE
	EndGlobalSection
	GlobalSection(ExtensibilityGlobals) = postSolution
		SolutionGuid = {0B4FBBC0-D14B-46B2-91BB-68A9A039240E}
	EndGlobalSection
EndGlobal
